# This file is automatically @generated by Cargo.
# It is not intended for manual editing.
version = 3

[[package]]
name = "wasi_filesystem_client"
version = "0.1.0"

[[package]]
name = "wasi_filesystem_host"
version = "0.1.0"

[[package]]
name = "zerofs"
version = "0.1.0"

[[package]]
name = "zerofs-cli"
version = "0.1.0"

[[package]]
name = "zerofs-fuse"
version = "0.1.0"
